
Microsoft Visual Studio Solution File, Format Version 12.00
# Visual Studio Version 17
VisualStudioVersion = 17.7.34202.233
MinimumVisualStudioVersion = 10.0.40219.1
Project("{8BC9CEB8-8B4A-11D0-8D11-00A0C91BC942}") = "laba2_struct_dat", "laba2_struct_dat.vcxproj", "{99383D1C-3361-4946-BBDE-B5544E095B68}"
EndProject
Global
	GlobalSection(SolutionConfigurationPlatforms) = preSolution
		Debug|x64 = Debug|x64
		Debug|x86 = Debug|x86
		Release|x64 = Release|x64
		Release|x86 = Release|x86
	EndGlobalSection
	GlobalSection(ProjectConfigurationPlatforms) = postSolution
		{99383D1C-3361-4946-BBDE-B5544E095B68}.Debug|x64.ActiveCfg = Debug|x64
		{99383D1C-3361-4946-BBDE-B5544E095B68}.Debug|x64.Build.0 = Debug|x64
		{99383D1C-3361-4946-BBDE-B5544E095B68}.Debug|x86.ActiveCfg = Debug|Win32
		{99383D1C-3361-4946-BBDE-B5544E095B68}.Debug|x86.Build.0 = Debug|Win32
		{99383D1C-3361-4946-BBDE-B5544E095B68}.Release|x64.ActiveCfg = Release|x64
		{99383D1C-3361-4946-BBDE-B5544E095B68}.Release|x64.Build.0 = Release|x64
		{99383D1C-3361-4946-BBDE-B5544E095B68}.Release|x86.ActiveCfg = Release|Win32
		{99383D1C-3361-4946-BBDE-B5544E095B68}.Release|x86.Build.0 = Release|Win32
	EndGlobalSection
	GlobalSection(SolutionProperties) = preSolution
		HideSolutionNode = FALSE
	EndGlobalSection
	GlobalSection(ExtensibilityGlobals) = postSolution
		SolutionGuid = {D9AB8120-A529-4E40-9240-A58237993290}
	EndGlobalSection
EndGlobal
